
Microsoft Visual Studio Solution File, Format Version 12.00
# Visual Studio 15
VisualStudioVersion = 15.0.28307.168
MinimumVisualStudioVersion = 10.0.40219.1
Project("{FAE04EC0-301F-11D3-BF4B-00C04F79EFBC}") = "caler", "caler\caler.csproj", "{990284D9-984F-4AB1-8573-4B991680E904}"
EndProject
Global
	GlobalSection(SolutionConfigurationPlatforms) = preSolution
		Debug|Any CPU = Debug|Any CPU
		Release|Any CPU = Release|Any CPU
	EndGlobalSection
	GlobalSection(ProjectConfigurationPlatforms) = postSolution
		{990284D9-984F-4AB1-8573-4B991680E904}.Debug|Any CPU.ActiveCfg = Debug|Any CPU
		{990284D9-984F-4AB1-8573-4B991680E904}.Debug|Any CPU.Build.0 = Debug|Any CPU
		{990284D9-984F-4AB1-8573-4B991680E904}.Release|Any CPU.ActiveCfg = Release|Any CPU
		{990284D9-984F-4AB1-8573-4B991680E904}.Release|Any CPU.Build.0 = Release|Any CPU
	EndGlobalSection
	GlobalSection(SolutionProperties) = preSolution
		HideSolutionNode = FALSE
	EndGlobalSection
	GlobalSection(ExtensibilityGlobals) = postSolution
		SolutionGuid = {83732485-5631-40BF-A014-65DD74D69C41}
	EndGlobalSection
EndGlobal
